
Microsoft Visual Studio Solution File, Format Version 12.00
# Visual Studio Version 17
VisualStudioVersion = 17.7.34202.233
MinimumVisualStudioVersion = 10.0.40219.1
Project("{9A19103F-16F7-4668-BE54-9A1E7A4F7556}") = "sgd.webapi.autenticador", "sgd.webapi.autenticador\sgd.webapi.autenticador.csproj", "{C84A737B-F3FC-432C-9726-C6D66AE10E43}"
EndProject
Project("{9A19103F-16F7-4668-BE54-9A1E7A4F7556}") = "sgd.be", "sgd.be\sgd.be.csproj", "{78879F86-C381-49A7-B52F-82AC6EDD1F3D}"
EndProject
Project("{9A19103F-16F7-4668-BE54-9A1E7A4F7556}") = "sgd.da", "sgd.da\sgd.da.csproj", "{C2F86E30-F3FD-40D1-8060-B8BB79F19A3C}"
EndProject
Project("{9A19103F-16F7-4668-BE54-9A1E7A4F7556}") = "sgd.util", "sgd.util\sgd.util.csproj", "{5CFD2060-5634-4D6E-911E-BD6215DDE0D9}"
EndProject
Project("{FAE04EC0-301F-11D3-BF4B-00C04F79EFBC}") = "sgd.bl", "sgd.bl\sgd.bl.csproj", "{CDA7133C-9950-4595-AD95-C0BE326AA7FA}"
EndProject
Global
	GlobalSection(SolutionConfigurationPlatforms) = preSolution
		Debug|Any CPU = Debug|Any CPU
		Release|Any CPU = Release|Any CPU
	EndGlobalSection
	GlobalSection(ProjectConfigurationPlatforms) = postSolution
		{C84A737B-F3FC-432C-9726-C6D66AE10E43}.Debug|Any CPU.ActiveCfg = Debug|Any CPU
		{C84A737B-F3FC-432C-9726-C6D66AE10E43}.Debug|Any CPU.Build.0 = Debug|Any CPU
		{C84A737B-F3FC-432C-9726-C6D66AE10E43}.Release|Any CPU.ActiveCfg = Release|Any CPU
		{C84A737B-F3FC-432C-9726-C6D66AE10E43}.Release|Any CPU.Build.0 = Release|Any CPU
		{78879F86-C381-49A7-B52F-82AC6EDD1F3D}.Debug|Any CPU.ActiveCfg = Debug|Any CPU
		{78879F86-C381-49A7-B52F-82AC6EDD1F3D}.Debug|Any CPU.Build.0 = Debug|Any CPU
		{78879F86-C381-49A7-B52F-82AC6EDD1F3D}.Release|Any CPU.ActiveCfg = Release|Any CPU
		{78879F86-C381-49A7-B52F-82AC6EDD1F3D}.Release|Any CPU.Build.0 = Release|Any CPU
		{C2F86E30-F3FD-40D1-8060-B8BB79F19A3C}.Debug|Any CPU.ActiveCfg = Debug|Any CPU
		{C2F86E30-F3FD-40D1-8060-B8BB79F19A3C}.Debug|Any CPU.Build.0 = Debug|Any CPU
		{C2F86E30-F3FD-40D1-8060-B8BB79F19A3C}.Release|Any CPU.ActiveCfg = Release|Any CPU
		{C2F86E30-F3FD-40D1-8060-B8BB79F19A3C}.Release|Any CPU.Build.0 = Release|Any CPU
		{5CFD2060-5634-4D6E-911E-BD6215DDE0D9}.Debug|Any CPU.ActiveCfg = Debug|Any CPU
		{5CFD2060-5634-4D6E-911E-BD6215DDE0D9}.Debug|Any CPU.Build.0 = Debug|Any CPU
		{5CFD2060-5634-4D6E-911E-BD6215DDE0D9}.Release|Any CPU.ActiveCfg = Release|Any CPU
		{5CFD2060-5634-4D6E-911E-BD6215DDE0D9}.Release|Any CPU.Build.0 = Release|Any CPU
		{CDA7133C-9950-4595-AD95-C0BE326AA7FA}.Debug|Any CPU.ActiveCfg = Debug|Any CPU
		{CDA7133C-9950-4595-AD95-C0BE326AA7FA}.Debug|Any CPU.Build.0 = Debug|Any CPU
		{CDA7133C-9950-4595-AD95-C0BE326AA7FA}.Release|Any CPU.ActiveCfg = Release|Any CPU
		{CDA7133C-9950-4595-AD95-C0BE326AA7FA}.Release|Any CPU.Build.0 = Release|Any CPU
	EndGlobalSection
	GlobalSection(SolutionProperties) = preSolution
		HideSolutionNode = FALSE
	EndGlobalSection
	GlobalSection(ExtensibilityGlobals) = postSolution
		SolutionGuid = {8B415809-D3C3-4996-84B5-9B3BCF1BC96C}
	EndGlobalSection
EndGlobal
